
Microsoft Visual Studio Solution File, Format Version 12.00
# Visual Studio Version 17
VisualStudioVersion = 17.14.36401.2 d17.14
MinimumVisualStudioVersion = 10.0.40219.1
Project("{FAE04EC0-301F-11D3-BF4B-00C04F79EFBC}") = "linq-examples", "linq-examples\linq-examples.csproj", "{287A0822-7731-4AA3-BCEE-D14DB90FB252}"
EndProject
Project("{FAE04EC0-301F-11D3-BF4B-00C04F79EFBC}") = "Filter and Quantifier Operation", "Filter and Quantifier Operation\Filter and Quantifier Operation.csproj", "{70AD50AC-CE94-410C-B4DA-FDCC1E2FE171}"
EndProject
Project("{FAE04EC0-301F-11D3-BF4B-00C04F79EFBC}") = "Projection Operators", "Projection Operators\Projection Operators.csproj", "{F19B4346-CCA7-4B3A-A4E8-A6AB7BF82EC1}"
EndProject
Project("{FAE04EC0-301F-11D3-BF4B-00C04F79EFBC}") = "Zip operator", "Zip operator\Zip operator.csproj", "{00E9F1B0-53E9-4683-95B2-181C97F1DB8D}"
EndProject
Project("{FAE04EC0-301F-11D3-BF4B-00C04F79EFBC}") = "Partioning-data", "Partioning-data\Partioning-data.csproj", "{00BD3B41-06CD-4F42-9E1F-BA519409627A}"
EndProject
Global
	GlobalSection(SolutionConfigurationPlatforms) = preSolution
		Debug|Any CPU = Debug|Any CPU
		Release|Any CPU = Release|Any CPU
	EndGlobalSection
	GlobalSection(ProjectConfigurationPlatforms) = postSolution
		{287A0822-7731-4AA3-BCEE-D14DB90FB252}.Debug|Any CPU.ActiveCfg = Debug|Any CPU
		{287A0822-7731-4AA3-BCEE-D14DB90FB252}.Debug|Any CPU.Build.0 = Debug|Any CPU
		{287A0822-7731-4AA3-BCEE-D14DB90FB252}.Release|Any CPU.ActiveCfg = Release|Any CPU
		{287A0822-7731-4AA3-BCEE-D14DB90FB252}.Release|Any CPU.Build.0 = Release|Any CPU
		{70AD50AC-CE94-410C-B4DA-FDCC1E2FE171}.Debug|Any CPU.ActiveCfg = Debug|Any CPU
		{70AD50AC-CE94-410C-B4DA-FDCC1E2FE171}.Debug|Any CPU.Build.0 = Debug|Any CPU
		{70AD50AC-CE94-410C-B4DA-FDCC1E2FE171}.Release|Any CPU.ActiveCfg = Release|Any CPU
		{70AD50AC-CE94-410C-B4DA-FDCC1E2FE171}.Release|Any CPU.Build.0 = Release|Any CPU
		{F19B4346-CCA7-4B3A-A4E8-A6AB7BF82EC1}.Debug|Any CPU.ActiveCfg = Debug|Any CPU
		{F19B4346-CCA7-4B3A-A4E8-A6AB7BF82EC1}.Debug|Any CPU.Build.0 = Debug|Any CPU
		{F19B4346-CCA7-4B3A-A4E8-A6AB7BF82EC1}.Release|Any CPU.ActiveCfg = Release|Any CPU
		{F19B4346-CCA7-4B3A-A4E8-A6AB7BF82EC1}.Release|Any CPU.Build.0 = Release|Any CPU
		{00E9F1B0-53E9-4683-95B2-181C97F1DB8D}.Debug|Any CPU.ActiveCfg = Debug|Any CPU
		{00E9F1B0-53E9-4683-95B2-181C97F1DB8D}.Debug|Any CPU.Build.0 = Debug|Any CPU
		{00E9F1B0-53E9-4683-95B2-181C97F1DB8D}.Release|Any CPU.ActiveCfg = Release|Any CPU
		{00E9F1B0-53E9-4683-95B2-181C97F1DB8D}.Release|Any CPU.Build.0 = Release|Any CPU
		{00BD3B41-06CD-4F42-9E1F-BA519409627A}.Debug|Any CPU.ActiveCfg = Debug|Any CPU
		{00BD3B41-06CD-4F42-9E1F-BA519409627A}.Debug|Any CPU.Build.0 = Debug|Any CPU
		{00BD3B41-06CD-4F42-9E1F-BA519409627A}.Release|Any CPU.ActiveCfg = Release|Any CPU
		{00BD3B41-06CD-4F42-9E1F-BA519409627A}.Release|Any CPU.Build.0 = Release|Any CPU
	EndGlobalSection
	GlobalSection(SolutionProperties) = preSolution
		HideSolutionNode = FALSE
	EndGlobalSection
	GlobalSection(ExtensibilityGlobals) = postSolution
		SolutionGuid = {EEFDACFF-D767-4949-816E-03D9E33DCE8B}
	EndGlobalSection
EndGlobal
